
Microsoft Visual Studio Solution File, Format Version 12.00
# Visual Studio Version 17
VisualStudioVersion = 17.3.32901.215
MinimumVisualStudioVersion = 10.0.40219.1
Project("{FAE04EC0-301F-11D3-BF4B-00C04F79EFBC}") = "Tjuv och Polis", "Tjuv och Polis.csproj", "{E47CB105-3CF3-48B1-9963-2C2C0A25FB2A}"
EndProject
Global
	GlobalSection(SolutionConfigurationPlatforms) = preSolution
		Debug|Any CPU = Debug|Any CPU
		Release|Any CPU = Release|Any CPU
	EndGlobalSection
	GlobalSection(ProjectConfigurationPlatforms) = postSolution
		{E47CB105-3CF3-48B1-9963-2C2C0A25FB2A}.Debug|Any CPU.ActiveCfg = Debug|Any CPU
		{E47CB105-3CF3-48B1-9963-2C2C0A25FB2A}.Debug|Any CPU.Build.0 = Debug|Any CPU
		{E47CB105-3CF3-48B1-9963-2C2C0A25FB2A}.Release|Any CPU.ActiveCfg = Release|Any CPU
		{E47CB105-3CF3-48B1-9963-2C2C0A25FB2A}.Release|Any CPU.Build.0 = Release|Any CPU
	EndGlobalSection
	GlobalSection(SolutionProperties) = preSolution
		HideSolutionNode = FALSE
	EndGlobalSection
	GlobalSection(ExtensibilityGlobals) = postSolution
		SolutionGuid = {E1612390-1638-4A29-A277-4AAE2FE43AF9}
	EndGlobalSection
EndGlobal
